# This file was autogenerated by Stack.
# You should not edit this file by hand.
# For more information, please see the documentation at:
#   https://docs.haskellstack.org/en/stable/lock_files

packages:
- completed:
    hackage: fastsum-0.1.1.0@sha256:bbc8c27b6dc100a94cef28ab1bebe38155cd95e00e8d27e025a137c8b74118e2,2280
    pantry-tree:
      size: 430
      sha256: 1f74dac14478572e175bf8e12de4500711c47fdcc56cb630eae3732e0410aa1d
  original:
    hackage: fastsum-0.1.1.0@sha256:bbc8c27b6dc100a94cef28ab1bebe38155cd95e00e8d27e025a137c8b74118e2,2280
snapshots:
- completed:
    size: 523443
    url: https://raw.githubusercontent.com/commercialhaskell/stackage-snapshots/master/lts/14/0.yaml
    sha256: 283773e7120f5446d961eab35ea95c9af9c24187cc178537bd29273200a05171
  original: lts-14.0
